version: 1
checksums:
  4188a166aad2705b4f09401f924502ed:
    greeting: e5c4880fef990edc98e20db92aff718d
    meta/title: fa8c3ae8c2c3f66e573cf366bf352c91
    meta/description: c7c599e2c048a6c81be48e436a3e26c9
    meta/h1: b8e355345f94d56512f3c9d31e9dddf7
    og/title: fa8c3ae8c2c3f66e573cf366bf352c91
    og/description: c7c599e2c048a6c81be48e436a3e26c9
    twitter/title: fa8c3ae8c2c3f66e573cf366bf352c91
    twitter/description: c7c599e2c048a6c81be48e436a3e26c9
